
Microsoft Visual Studio Solution File, Format Version 12.00
# Visual Studio Version 17
VisualStudioVersion = 17.3.32804.467
MinimumVisualStudioVersion = 10.0.40219.1
Project("{FAE04EC0-301F-11D3-BF4B-00C04F79EFBC}") = "Calendar", "Calendar\Calendar.csproj", "{2727A605-73AD-4025-9466-CA45661CDDFA}"
EndProject
Global
	GlobalSection(SolutionConfigurationPlatforms) = preSolution
		Debug|Any CPU = Debug|Any CPU
		Release|Any CPU = Release|Any CPU
	EndGlobalSection
	GlobalSection(ProjectConfigurationPlatforms) = postSolution
		{2727A605-73AD-4025-9466-CA45661CDDFA}.Debug|Any CPU.ActiveCfg = Debug|Any CPU
		{2727A605-73AD-4025-9466-CA45661CDDFA}.Debug|Any CPU.Build.0 = Debug|Any CPU
		{2727A605-73AD-4025-9466-CA45661CDDFA}.Release|Any CPU.ActiveCfg = Release|Any CPU
		{2727A605-73AD-4025-9466-CA45661CDDFA}.Release|Any CPU.Build.0 = Release|Any CPU
	EndGlobalSection
	GlobalSection(SolutionProperties) = preSolution
		HideSolutionNode = FALSE
	EndGlobalSection
	GlobalSection(ExtensibilityGlobals) = postSolution
		SolutionGuid = {4ABF6427-D6D7-4163-9EEC-8E4B529B548F}
	EndGlobalSection
EndGlobal
